
Microsoft Visual Studio Solution File, Format Version 12.00
# Visual Studio Version 16
VisualStudioVersion = 25.0.1700.4
MinimumVisualStudioVersion = 10.0.40219.1
Project("{2150E333-8FDC-42A3-9474-1A3956D46DE8}") = "tests", "tests", "{113B71ED-F6A5-43B3-A80B-62EAE2469F6D}"
EndProject
Project("{FAE04EC0-301F-11D3-BF4B-00C04F79EFBC}") = "TelepathyLabs.ShowReels.Domain", "TelepathyLabs.ShowReels.Domain\TelepathyLabs.ShowReels.Domain.csproj", "{E27BEB20-E210-493A-AF47-5C5A23FF6571}"
EndProject
Project("{FAE04EC0-301F-11D3-BF4B-00C04F79EFBC}") = "TelepathyLabs.ShowReels.Domain.Tests", "TelepathyLabs.ShowReels.Domain.Tests\TelepathyLabs.ShowReels.Domain.Tests.csproj", "{6E7C1FF6-72EA-4475-A9EE-092F427EE594}"
EndProject
Global
	GlobalSection(SolutionConfigurationPlatforms) = preSolution
		Debug|Any CPU = Debug|Any CPU
		Release|Any CPU = Release|Any CPU
	EndGlobalSection
	GlobalSection(ProjectConfigurationPlatforms) = postSolution
		{E27BEB20-E210-493A-AF47-5C5A23FF6571}.Debug|Any CPU.ActiveCfg = Debug|Any CPU
		{E27BEB20-E210-493A-AF47-5C5A23FF6571}.Debug|Any CPU.Build.0 = Debug|Any CPU
		{E27BEB20-E210-493A-AF47-5C5A23FF6571}.Release|Any CPU.ActiveCfg = Release|Any CPU
		{E27BEB20-E210-493A-AF47-5C5A23FF6571}.Release|Any CPU.Build.0 = Release|Any CPU
		{6E7C1FF6-72EA-4475-A9EE-092F427EE594}.Debug|Any CPU.ActiveCfg = Debug|Any CPU
		{6E7C1FF6-72EA-4475-A9EE-092F427EE594}.Debug|Any CPU.Build.0 = Debug|Any CPU
		{6E7C1FF6-72EA-4475-A9EE-092F427EE594}.Release|Any CPU.ActiveCfg = Release|Any CPU
		{6E7C1FF6-72EA-4475-A9EE-092F427EE594}.Release|Any CPU.Build.0 = Release|Any CPU
	EndGlobalSection
	GlobalSection(SolutionProperties) = preSolution
		HideSolutionNode = FALSE
	EndGlobalSection
	GlobalSection(ExtensibilityGlobals) = postSolution
		SolutionGuid = {4C789C85-F44F-44FA-BBC5-D84F45463D0A}
	EndGlobalSection
	GlobalSection(NestedProjects) = preSolution
		{6E7C1FF6-72EA-4475-A9EE-092F427EE594} = {113B71ED-F6A5-43B3-A80B-62EAE2469F6D}
	EndGlobalSection
EndGlobal
